
Microsoft Visual Studio Solution File, Format Version 12.00
# Visual Studio Version 17
VisualStudioVersion = 17.3.32804.467
MinimumVisualStudioVersion = 10.0.40219.1
Project("{8BC9CEB8-8B4A-11D0-8D11-00A0C91BC942}") = "CppClass", "CppClass\CppClass.vcxproj", "{DC280591-9799-4AF8-B07E-64412E058C02}"
EndProject
Project("{8BC9CEB8-8B4A-11D0-8D11-00A0C91BC942}") = "Project1", "Project1\Project1.vcxproj", "{B0E0D3F7-A60C-444F-84D2-2A2B0324E355}"
EndProject
Project("{8BC9CEB8-8B4A-11D0-8D11-00A0C91BC942}") = "Project2", "Project2\Project2.vcxproj", "{5750489C-C44D-41FE-94C4-75EE8236FF2E}"
EndProject
Project("{8BC9CEB8-8B4A-11D0-8D11-00A0C91BC942}") = "Project3", "Project3\Project3.vcxproj", "{6191A0AC-5537-41B1-BEE4-90726378FC05}"
EndProject
Project("{8BC9CEB8-8B4A-11D0-8D11-00A0C91BC942}") = "Project4", "Project4\Project4.vcxproj", "{08A493CE-4FBC-4218-B144-5A7C1F9656FE}"
EndProject
Project("{8BC9CEB8-8B4A-11D0-8D11-00A0C91BC942}") = "Project5", "Project5\Project5.vcxproj", "{B0ADEFB0-6534-40D6-A319-D65C22398B14}"
EndProject
Project("{8BC9CEB8-8B4A-11D0-8D11-00A0C91BC942}") = "Project6", "Project6\Project6.vcxproj", "{38D68D73-C90B-4A9A-AF01-B19B56668D46}"
EndProject
Global
	GlobalSection(SolutionConfigurationPlatforms) = preSolution
		Debug|x64 = Debug|x64
		Debug|x86 = Debug|x86
		Release|x64 = Release|x64
		Release|x86 = Release|x86
	EndGlobalSection
	GlobalSection(ProjectConfigurationPlatforms) = postSolution
		{DC280591-9799-4AF8-B07E-64412E058C02}.Debug|x64.ActiveCfg = Debug|x64
		{DC280591-9799-4AF8-B07E-64412E058C02}.Debug|x64.Build.0 = Debug|x64
		{DC280591-9799-4AF8-B07E-64412E058C02}.Debug|x86.ActiveCfg = Debug|Win32
		{DC280591-9799-4AF8-B07E-64412E058C02}.Debug|x86.Build.0 = Debug|Win32
		{DC280591-9799-4AF8-B07E-64412E058C02}.Release|x64.ActiveCfg = Release|x64
		{DC280591-9799-4AF8-B07E-64412E058C02}.Release|x64.Build.0 = Release|x64
		{DC280591-9799-4AF8-B07E-64412E058C02}.Release|x86.ActiveCfg = Release|Win32
		{DC280591-9799-4AF8-B07E-64412E058C02}.Release|x86.Build.0 = Release|Win32
		{B0E0D3F7-A60C-444F-84D2-2A2B0324E355}.Debug|x64.ActiveCfg = Debug|x64
		{B0E0D3F7-A60C-444F-84D2-2A2B0324E355}.Debug|x64.Build.0 = Debug|x64
		{B0E0D3F7-A60C-444F-84D2-2A2B0324E355}.Debug|x86.ActiveCfg = Debug|Win32
		{B0E0D3F7-A60C-444F-84D2-2A2B0324E355}.Debug|x86.Build.0 = Debug|Win32
		{B0E0D3F7-A60C-444F-84D2-2A2B0324E355}.Release|x64.ActiveCfg = Release|x64
		{B0E0D3F7-A60C-444F-84D2-2A2B0324E355}.Release|x64.Build.0 = Release|x64
		{B0E0D3F7-A60C-444F-84D2-2A2B0324E355}.Release|x86.ActiveCfg = Release|Win32
		{B0E0D3F7-A60C-444F-84D2-2A2B0324E355}.Release|x86.Build.0 = Release|Win32
		{5750489C-C44D-41FE-94C4-75EE8236FF2E}.Debug|x64.ActiveCfg = Debug|x64
		{5750489C-C44D-41FE-94C4-75EE8236FF2E}.Debug|x64.Build.0 = Debug|x64
		{5750489C-C44D-41FE-94C4-75EE8236FF2E}.Debug|x86.ActiveCfg = Debug|Win32
		{5750489C-C44D-41FE-94C4-75EE8236FF2E}.Debug|x86.Build.0 = Debug|Win32
		{5750489C-C44D-41FE-94C4-75EE8236FF2E}.Release|x64.ActiveCfg = Release|x64
		{5750489C-C44D-41FE-94C4-75EE8236FF2E}.Release|x64.Build.0 = Release|x64
		{5750489C-C44D-41FE-94C4-75EE8236FF2E}.Release|x86.ActiveCfg = Release|Win32
		{5750489C-C44D-41FE-94C4-75EE8236FF2E}.Release|x86.Build.0 = Release|Win32
		{6191A0AC-5537-41B1-BEE4-90726378FC05}.Debug|x64.ActiveCfg = Debug|x64
		{6191A0AC-5537-41B1-BEE4-90726378FC05}.Debug|x64.Build.0 = Debug|x64
		{6191A0AC-5537-41B1-BEE4-90726378FC05}.Debug|x86.ActiveCfg = Debug|Win32
		{6191A0AC-5537-41B1-BEE4-90726378FC05}.Debug|x86.Build.0 = Debug|Win32
		{6191A0AC-5537-41B1-BEE4-90726378FC05}.Release|x64.ActiveCfg = Release|x64
		{6191A0AC-5537-41B1-BEE4-90726378FC05}.Release|x64.Build.0 = Release|x64
		{6191A0AC-5537-41B1-BEE4-90726378FC05}.Release|x86.ActiveCfg = Release|Win32
		{6191A0AC-5537-41B1-BEE4-90726378FC05}.Release|x86.Build.0 = Release|Win32
		{08A493CE-4FBC-4218-B144-5A7C1F9656FE}.Debug|x64.ActiveCfg = Debug|x64
		{08A493CE-4FBC-4218-B144-5A7C1F9656FE}.Debug|x64.Build.0 = Debug|x64
		{08A493CE-4FBC-4218-B144-5A7C1F9656FE}.Debug|x86.ActiveCfg = Debug|Win32
		{08A493CE-4FBC-4218-B144-5A7C1F9656FE}.Debug|x86.Build.0 = Debug|Win32
		{08A493CE-4FBC-4218-B144-5A7C1F9656FE}.Release|x64.ActiveCfg = Release|x64
		{08A493CE-4FBC-4218-B144-5A7C1F9656FE}.Release|x64.Build.0 = Release|x64
		{08A493CE-4FBC-4218-B144-5A7C1F9656FE}.Release|x86.ActiveCfg = Release|Win32
		{08A493CE-4FBC-4218-B144-5A7C1F9656FE}.Release|x86.Build.0 = Release|Win32
		{B0ADEFB0-6534-40D6-A319-D65C22398B14}.Debug|x64.ActiveCfg = Debug|x64
		{B0ADEFB0-6534-40D6-A319-D65C22398B14}.Debug|x64.Build.0 = Debug|x64
		{B0ADEFB0-6534-40D6-A319-D65C22398B14}.Debug|x86.ActiveCfg = Debug|Win32
		{B0ADEFB0-6534-40D6-A319-D65C22398B14}.Debug|x86.Build.0 = Debug|Win32
		{B0ADEFB0-6534-40D6-A319-D65C22398B14}.Release|x64.ActiveCfg = Release|x64
		{B0ADEFB0-6534-40D6-A319-D65C22398B14}.Release|x64.Build.0 = Release|x64
		{B0ADEFB0-6534-40D6-A319-D65C22398B14}.Release|x86.ActiveCfg = Release|Win32
		{B0ADEFB0-6534-40D6-A319-D65C22398B14}.Release|x86.Build.0 = Release|Win32
		{38D68D73-C90B-4A9A-AF01-B19B56668D46}.Debug|x64.ActiveCfg = Debug|x64
		{38D68D73-C90B-4A9A-AF01-B19B56668D46}.Debug|x64.Build.0 = Debug|x64
		{38D68D73-C90B-4A9A-AF01-B19B56668D46}.Debug|x86.ActiveCfg = Debug|Win32
		{38D68D73-C90B-4A9A-AF01-B19B56668D46}.Debug|x86.Build.0 = Debug|Win32
		{38D68D73-C90B-4A9A-AF01-B19B56668D46}.Release|x64.ActiveCfg = Release|x64
		{38D68D73-C90B-4A9A-AF01-B19B56668D46}.Release|x64.Build.0 = Release|x64
		{38D68D73-C90B-4A9A-AF01-B19B56668D46}.Release|x86.ActiveCfg = Release|Win32
		{38D68D73-C90B-4A9A-AF01-B19B56668D46}.Release|x86.Build.0 = Release|Win32
	EndGlobalSection
	GlobalSection(SolutionProperties) = preSolution
		HideSolutionNode = FALSE
	EndGlobalSection
	GlobalSection(ExtensibilityGlobals) = postSolution
		SolutionGuid = {FA9A52AB-97E2-480C-BE2D-4386FFACAE08}
	EndGlobalSection
EndGlobal
