
Microsoft Visual Studio Solution File, Format Version 12.00
# Visual Studio Version 17
VisualStudioVersion = 17.3.32804.467
MinimumVisualStudioVersion = 10.0.40219.1
Project("{8BC9CEB8-8B4A-11D0-8D11-00A0C91BC942}") = "C_Class_1", "C_Class_1\C_Class_1.vcxproj", "{0F770E15-86F0-4859-8550-81FCE304CB0E}"
EndProject
Project("{8BC9CEB8-8B4A-11D0-8D11-00A0C91BC942}") = "C_Class_2", "C_Class_2\C_Class_2.vcxproj", "{B4A36744-E659-4DA8-814E-34EDDA7AE632}"
EndProject
Project("{8BC9CEB8-8B4A-11D0-8D11-00A0C91BC942}") = "C_Class_3", "C_Class_3\C_Class_3.vcxproj", "{6C6D5452-38A0-44C6-918C-08095DEC0428}"
EndProject
Project("{8BC9CEB8-8B4A-11D0-8D11-00A0C91BC942}") = "C_Class_4", "C_Class_4\C_Class_4.vcxproj", "{F9343B87-D561-4D27-8DA3-FF1020D86C19}"
EndProject
Project("{8BC9CEB8-8B4A-11D0-8D11-00A0C91BC942}") = "C_Class_5", "C_Class_5\C_Class_5.vcxproj", "{A2C385F8-4340-4471-9D29-7FA33B759CF9}"
EndProject
Project("{8BC9CEB8-8B4A-11D0-8D11-00A0C91BC942}") = "C_Class_6", "C_Class_6\C_Class_6.vcxproj", "{642F4E62-F845-419C-B3BC-00EDF85962E3}"
EndProject
Project("{8BC9CEB8-8B4A-11D0-8D11-00A0C91BC942}") = "C_Class_7", "C_Class_7\C_Class_7.vcxproj", "{53E1D8E2-FAC9-4577-B783-D309522D6B70}"
EndProject
Project("{8BC9CEB8-8B4A-11D0-8D11-00A0C91BC942}") = "C_Class_8", "C_Class_8\C_Class_8.vcxproj", "{6599A1CE-0499-4CCC-BC0C-63707FC0FCA3}"
EndProject
Project("{8BC9CEB8-8B4A-11D0-8D11-00A0C91BC942}") = "C_Class_9", "C_Class_9\C_Class_9.vcxproj", "{1093E52D-33FE-4D56-9405-18FA240D6685}"
EndProject
Project("{8BC9CEB8-8B4A-11D0-8D11-00A0C91BC942}") = "C_Class_10", "C_Class_10\C_Class_10.vcxproj", "{B5A58EB2-8F38-4A2E-9143-28CFCF711EB7}"
EndProject
Project("{8BC9CEB8-8B4A-11D0-8D11-00A0C91BC942}") = "C_Class_11", "C_Class_11\C_Class_11.vcxproj", "{7AEE4970-4A95-4D98-B8AD-9791B4F94426}"
EndProject
Project("{8BC9CEB8-8B4A-11D0-8D11-00A0C91BC942}") = "C_Class_12", "C_Class_12\C_Class_12.vcxproj", "{B6A906D7-6BEF-4A56-A551-03C2C150B509}"
EndProject
Project("{8BC9CEB8-8B4A-11D0-8D11-00A0C91BC942}") = "C_Class_13", "C_Class_13\C_Class_13.vcxproj", "{015786BC-DBA5-41D4-A492-6F94185602A5}"
EndProject
Project("{8BC9CEB8-8B4A-11D0-8D11-00A0C91BC942}") = "C_Class_14", "C_Class_14\C_Class_14.vcxproj", "{507E134D-1AB5-48A4-AD52-F3EE47EA31C5}"
EndProject
Project("{8BC9CEB8-8B4A-11D0-8D11-00A0C91BC942}") = "C_Class_15", "C_Class_15\C_Class_15.vcxproj", "{62513F27-2143-44EF-9D89-C2D9CF018BA4}"
EndProject
Project("{8BC9CEB8-8B4A-11D0-8D11-00A0C91BC942}") = "C_Class_16", "C_Class_16\C_Class_16.vcxproj", "{5738B88A-0863-49C3-9AEA-52226D609956}"
EndProject
Project("{8BC9CEB8-8B4A-11D0-8D11-00A0C91BC942}") = "C_Class_17", "C_Class_17\C_Class_17.vcxproj", "{658322DC-1C91-44E0-9342-F560C1D2FE53}"
EndProject
Project("{8BC9CEB8-8B4A-11D0-8D11-00A0C91BC942}") = "C_Class_18", "C_Class_18\C_Class_18.vcxproj", "{961F0B68-6F91-4612-B081-AC2F38B780BD}"
EndProject
Project("{8BC9CEB8-8B4A-11D0-8D11-00A0C91BC942}") = "C_Class_19", "C_Class_19\C_Class_19.vcxproj", "{F721B1F1-F5F2-4965-93F4-7AAED518581B}"
EndProject
Project("{8BC9CEB8-8B4A-11D0-8D11-00A0C91BC942}") = "C_Class_20", "C_Class_20\C_Class_20.vcxproj", "{F0C30737-DD30-4381-98B1-23E8EA5500B7}"
EndProject
Project("{8BC9CEB8-8B4A-11D0-8D11-00A0C91BC942}") = "C_Class_21", "C_Class_21\C_Class_21.vcxproj", "{8995C2F5-8D38-4984-89CD-B60237F6001C}"
EndProject
Project("{8BC9CEB8-8B4A-11D0-8D11-00A0C91BC942}") = "C_Class_22", "C_Class_22\C_Class_22.vcxproj", "{7060F186-55C4-4368-BA23-B8D822C122C5}"
EndProject
Project("{8BC9CEB8-8B4A-11D0-8D11-00A0C91BC942}") = "C_Class_23", "C_Class_23\C_Class_23.vcxproj", "{E89A5BA3-05C6-4857-A85F-CBFF5F53F855}"
EndProject
Project("{8BC9CEB8-8B4A-11D0-8D11-00A0C91BC942}") = "C_Class_24", "C_Class_24\C_Class_24.vcxproj", "{BF7418FC-9BD2-4543-BF45-BFF1D5428D41}"
EndProject
Project("{8BC9CEB8-8B4A-11D0-8D11-00A0C91BC942}") = "C_Class_25", "C_Class_25\C_Class_25.vcxproj", "{58DC7FA6-0335-45FE-AD72-2194A46CD088}"
EndProject
Project("{8BC9CEB8-8B4A-11D0-8D11-00A0C91BC942}") = "C_Class_26", "C_Class_26\C_Class_26.vcxproj", "{F77B59D2-8542-4CB0-9543-F85B8A0175F4}"
EndProject
Project("{8BC9CEB8-8B4A-11D0-8D11-00A0C91BC942}") = "C_Class_27", "C_Class_27\C_Class_27.vcxproj", "{34F412E6-8080-4F81-ACCA-7732C238A0B8}"
EndProject
Project("{8BC9CEB8-8B4A-11D0-8D11-00A0C91BC942}") = "C_Class_28", "C_Class_28\C_Class_28.vcxproj", "{78863C4D-19DD-417D-86F5-789281D320F8}"
EndProject
Project("{8BC9CEB8-8B4A-11D0-8D11-00A0C91BC942}") = "C_Class_29", "C_Class_29\C_Class_29.vcxproj", "{600C35A8-EE86-4380-8ED8-C981C3CF2456}"
EndProject
Project("{8BC9CEB8-8B4A-11D0-8D11-00A0C91BC942}") = "C_Class_30", "C_Class_30\C_Class_30.vcxproj", "{34782E8F-E816-477C-B7B1-B85D08EED00C}"
EndProject
Project("{8BC9CEB8-8B4A-11D0-8D11-00A0C91BC942}") = "C_Class_31", "C_Class_31\C_Class_31.vcxproj", "{0BDC6A7C-81C8-4FE7-8533-CE0D5547ACE9}"
EndProject
Project("{8BC9CEB8-8B4A-11D0-8D11-00A0C91BC942}") = "C_Class_32", "C_Class_32\C_Class_32.vcxproj", "{A576CF87-F264-45EA-B6D3-CC43C9E5A6A9}"
EndProject
Project("{8BC9CEB8-8B4A-11D0-8D11-00A0C91BC942}") = "C_Class_33", "C_Class_33\C_Class_33.vcxproj", "{C609AEC6-415D-47EE-BE75-7FDB461D7490}"
EndProject
Project("{8BC9CEB8-8B4A-11D0-8D11-00A0C91BC942}") = "C_Class_34", "C_Class_34\C_Class_34.vcxproj", "{A642B449-5DF3-4F03-AB72-2ACBE44EC105}"
EndProject
Project("{8BC9CEB8-8B4A-11D0-8D11-00A0C91BC942}") = "C_Class_35", "C_Class_35\C_Class_35.vcxproj", "{73D92919-D11B-4A5C-96E5-E5171192970E}"
EndProject
Project("{8BC9CEB8-8B4A-11D0-8D11-00A0C91BC942}") = "C_Class_36", "C_Class_36\C_Class_36.vcxproj", "{7B2BE05E-3FC4-4C4E-A01B-B57614560D09}"
EndProject
Project("{8BC9CEB8-8B4A-11D0-8D11-00A0C91BC942}") = "C_Class_37", "C_Class_37\C_Class_37.vcxproj", "{FEBFFFD0-35FE-47DD-85C2-27703F873940}"
EndProject
Project("{8BC9CEB8-8B4A-11D0-8D11-00A0C91BC942}") = "C_Class_38", "C_Class_38\C_Class_38.vcxproj", "{8FD001EC-471F-40C8-9DE6-7AF0C1AFA336}"
EndProject
Project("{8BC9CEB8-8B4A-11D0-8D11-00A0C91BC942}") = "C_Class_39", "C_Class_39\C_Class_39.vcxproj", "{A7B14962-F5F7-4007-B5E8-398540175F00}"
EndProject
Global
	GlobalSection(SolutionConfigurationPlatforms) = preSolution
		Debug|x64 = Debug|x64
		Debug|x86 = Debug|x86
		Release|x64 = Release|x64
		Release|x86 = Release|x86
	EndGlobalSection
	GlobalSection(ProjectConfigurationPlatforms) = postSolution
		{0F770E15-86F0-4859-8550-81FCE304CB0E}.Debug|x64.ActiveCfg = Debug|x64
		{0F770E15-86F0-4859-8550-81FCE304CB0E}.Debug|x64.Build.0 = Debug|x64
		{0F770E15-86F0-4859-8550-81FCE304CB0E}.Debug|x86.ActiveCfg = Debug|Win32
		{0F770E15-86F0-4859-8550-81FCE304CB0E}.Debug|x86.Build.0 = Debug|Win32
		{0F770E15-86F0-4859-8550-81FCE304CB0E}.Release|x64.ActiveCfg = Release|x64
		{0F770E15-86F0-4859-8550-81FCE304CB0E}.Release|x64.Build.0 = Release|x64
		{0F770E15-86F0-4859-8550-81FCE304CB0E}.Release|x86.ActiveCfg = Release|Win32
		{0F770E15-86F0-4859-8550-81FCE304CB0E}.Release|x86.Build.0 = Release|Win32
		{B4A36744-E659-4DA8-814E-34EDDA7AE632}.Debug|x64.ActiveCfg = Debug|x64
		{B4A36744-E659-4DA8-814E-34EDDA7AE632}.Debug|x64.Build.0 = Debug|x64
		{B4A36744-E659-4DA8-814E-34EDDA7AE632}.Debug|x86.ActiveCfg = Debug|Win32
		{B4A36744-E659-4DA8-814E-34EDDA7AE632}.Debug|x86.Build.0 = Debug|Win32
		{B4A36744-E659-4DA8-814E-34EDDA7AE632}.Release|x64.ActiveCfg = Release|x64
		{B4A36744-E659-4DA8-814E-34EDDA7AE632}.Release|x64.Build.0 = Release|x64
		{B4A36744-E659-4DA8-814E-34EDDA7AE632}.Release|x86.ActiveCfg = Release|Win32
		{B4A36744-E659-4DA8-814E-34EDDA7AE632}.Release|x86.Build.0 = Release|Win32
		{6C6D5452-38A0-44C6-918C-08095DEC0428}.Debug|x64.ActiveCfg = Debug|x64
		{6C6D5452-38A0-44C6-918C-08095DEC0428}.Debug|x64.Build.0 = Debug|x64
		{6C6D5452-38A0-44C6-918C-08095DEC0428}.Debug|x86.ActiveCfg = Debug|Win32
		{6C6D5452-38A0-44C6-918C-08095DEC0428}.Debug|x86.Build.0 = Debug|Win32
		{6C6D5452-38A0-44C6-918C-08095DEC0428}.Release|x64.ActiveCfg = Release|x64
		{6C6D5452-38A0-44C6-918C-08095DEC0428}.Release|x64.Build.0 = Release|x64
		{6C6D5452-38A0-44C6-918C-08095DEC0428}.Release|x86.ActiveCfg = Release|Win32
		{6C6D5452-38A0-44C6-918C-08095DEC0428}.Release|x86.Build.0 = Release|Win32
		{F9343B87-D561-4D27-8DA3-FF1020D86C19}.Debug|x64.ActiveCfg = Debug|x64
		{F9343B87-D561-4D27-8DA3-FF1020D86C19}.Debug|x64.Build.0 = Debug|x64
		{F9343B87-D561-4D27-8DA3-FF1020D86C19}.Debug|x86.ActiveCfg = Debug|Win32
		{F9343B87-D561-4D27-8DA3-FF1020D86C19}.Debug|x86.Build.0 = Debug|Win32
		{F9343B87-D561-4D27-8DA3-FF1020D86C19}.Release|x64.ActiveCfg = Release|x64
		{F9343B87-D561-4D27-8DA3-FF1020D86C19}.Release|x64.Build.0 = Release|x64
		{F9343B87-D561-4D27-8DA3-FF1020D86C19}.Release|x86.ActiveCfg = Release|Win32
		{F9343B87-D561-4D27-8DA3-FF1020D86C19}.Release|x86.Build.0 = Release|Win32
		{A2C385F8-4340-4471-9D29-7FA33B759CF9}.Debug|x64.ActiveCfg = Debug|x64
		{A2C385F8-4340-4471-9D29-7FA33B759CF9}.Debug|x64.Build.0 = Debug|x64
		{A2C385F8-4340-4471-9D29-7FA33B759CF9}.Debug|x86.ActiveCfg = Debug|Win32
		{A2C385F8-4340-4471-9D29-7FA33B759CF9}.Debug|x86.Build.0 = Debug|Win32
		{A2C385F8-4340-4471-9D29-7FA33B759CF9}.Release|x64.ActiveCfg = Release|x64
		{A2C385F8-4340-4471-9D29-7FA33B759CF9}.Release|x64.Build.0 = Release|x64
		{A2C385F8-4340-4471-9D29-7FA33B759CF9}.Release|x86.ActiveCfg = Release|Win32
		{A2C385F8-4340-4471-9D29-7FA33B759CF9}.Release|x86.Build.0 = Release|Win32
		{642F4E62-F845-419C-B3BC-00EDF85962E3}.Debug|x64.ActiveCfg = Debug|x64
		{642F4E62-F845-419C-B3BC-00EDF85962E3}.Debug|x64.Build.0 = Debug|x64
		{642F4E62-F845-419C-B3BC-00EDF85962E3}.Debug|x86.ActiveCfg = Debug|Win32
		{642F4E62-F845-419C-B3BC-00EDF85962E3}.Debug|x86.Build.0 = Debug|Win32
		{642F4E62-F845-419C-B3BC-00EDF85962E3}.Release|x64.ActiveCfg = Release|x64
		{642F4E62-F845-419C-B3BC-00EDF85962E3}.Release|x64.Build.0 = Release|x64
		{642F4E62-F845-419C-B3BC-00EDF85962E3}.Release|x86.ActiveCfg = Release|Win32
		{642F4E62-F845-419C-B3BC-00EDF85962E3}.Release|x86.Build.0 = Release|Win32
		{53E1D8E2-FAC9-4577-B783-D309522D6B70}.Debug|x64.ActiveCfg = Debug|x64
		{53E1D8E2-FAC9-4577-B783-D309522D6B70}.Debug|x64.Build.0 = Debug|x64
		{53E1D8E2-FAC9-4577-B783-D309522D6B70}.Debug|x86.ActiveCfg = Debug|Win32
		{53E1D8E2-FAC9-4577-B783-D309522D6B70}.Debug|x86.Build.0 = Debug|Win32
		{53E1D8E2-FAC9-4577-B783-D309522D6B70}.Release|x64.ActiveCfg = Release|x64
		{53E1D8E2-FAC9-4577-B783-D309522D6B70}.Release|x64.Build.0 = Release|x64
		{53E1D8E2-FAC9-4577-B783-D309522D6B70}.Release|x86.ActiveCfg = Release|Win32
		{53E1D8E2-FAC9-4577-B783-D309522D6B70}.Release|x86.Build.0 = Release|Win32
		{6599A1CE-0499-4CCC-BC0C-63707FC0FCA3}.Debug|x64.ActiveCfg = Debug|x64
		{6599A1CE-0499-4CCC-BC0C-63707FC0FCA3}.Debug|x64.Build.0 = Debug|x64
		{6599A1CE-0499-4CCC-BC0C-63707FC0FCA3}.Debug|x86.ActiveCfg = Debug|Win32
		{6599A1CE-0499-4CCC-BC0C-63707FC0FCA3}.Debug|x86.Build.0 = Debug|Win32
		{6599A1CE-0499-4CCC-BC0C-63707FC0FCA3}.Release|x64.ActiveCfg = Release|x64
		{6599A1CE-0499-4CCC-BC0C-63707FC0FCA3}.Release|x64.Build.0 = Release|x64
		{6599A1CE-0499-4CCC-BC0C-63707FC0FCA3}.Release|x86.ActiveCfg = Release|Win32
		{6599A1CE-0499-4CCC-BC0C-63707FC0FCA3}.Release|x86.Build.0 = Release|Win32
		{1093E52D-33FE-4D56-9405-18FA240D6685}.Debug|x64.ActiveCfg = Debug|x64
		{1093E52D-33FE-4D56-9405-18FA240D6685}.Debug|x64.Build.0 = Debug|x64
		{1093E52D-33FE-4D56-9405-18FA240D6685}.Debug|x86.ActiveCfg = Debug|Win32
		{1093E52D-33FE-4D56-9405-18FA240D6685}.Debug|x86.Build.0 = Debug|Win32
		{1093E52D-33FE-4D56-9405-18FA240D6685}.Release|x64.ActiveCfg = Release|x64
		{1093E52D-33FE-4D56-9405-18FA240D6685}.Release|x64.Build.0 = Release|x64
		{1093E52D-33FE-4D56-9405-18FA240D6685}.Release|x86.ActiveCfg = Release|Win32
		{1093E52D-33FE-4D56-9405-18FA240D6685}.Release|x86.Build.0 = Release|Win32
		{B5A58EB2-8F38-4A2E-9143-28CFCF711EB7}.Debug|x64.ActiveCfg = Debug|x64
		{B5A58EB2-8F38-4A2E-9143-28CFCF711EB7}.Debug|x64.Build.0 = Debug|x64
		{B5A58EB2-8F38-4A2E-9143-28CFCF711EB7}.Debug|x86.ActiveCfg = Debug|Win32
		{B5A58EB2-8F38-4A2E-9143-28CFCF711EB7}.Debug|x86.Build.0 = Debug|Win32
		{B5A58EB2-8F38-4A2E-9143-28CFCF711EB7}.Release|x64.ActiveCfg = Release|x64
		{B5A58EB2-8F38-4A2E-9143-28CFCF711EB7}.Release|x64.Build.0 = Release|x64
		{B5A58EB2-8F38-4A2E-9143-28CFCF711EB7}.Release|x86.ActiveCfg = Release|Win32
		{B5A58EB2-8F38-4A2E-9143-28CFCF711EB7}.Release|x86.Build.0 = Release|Win32
		{7AEE4970-4A95-4D98-B8AD-9791B4F94426}.Debug|x64.ActiveCfg = Debug|x64
		{7AEE4970-4A95-4D98-B8AD-9791B4F94426}.Debug|x64.Build.0 = Debug|x64
		{7AEE4970-4A95-4D98-B8AD-9791B4F94426}.Debug|x86.ActiveCfg = Debug|Win32
		{7AEE4970-4A95-4D98-B8AD-9791B4F94426}.Debug|x86.Build.0 = Debug|Win32
		{7AEE4970-4A95-4D98-B8AD-9791B4F94426}.Release|x64.ActiveCfg = Release|x64
		{7AEE4970-4A95-4D98-B8AD-9791B4F94426}.Release|x64.Build.0 = Release|x64
		{7AEE4970-4A95-4D98-B8AD-9791B4F94426}.Release|x86.ActiveCfg = Release|Win32
		{7AEE4970-4A95-4D98-B8AD-9791B4F94426}.Release|x86.Build.0 = Release|Win32
		{B6A906D7-6BEF-4A56-A551-03C2C150B509}.Debug|x64.ActiveCfg = Debug|x64
		{B6A906D7-6BEF-4A56-A551-03C2C150B509}.Debug|x64.Build.0 = Debug|x64
		{B6A906D7-6BEF-4A56-A551-03C2C150B509}.Debug|x86.ActiveCfg = Debug|Win32
		{B6A906D7-6BEF-4A56-A551-03C2C150B509}.Debug|x86.Build.0 = Debug|Win32
		{B6A906D7-6BEF-4A56-A551-03C2C150B509}.Release|x64.ActiveCfg = Release|x64
		{B6A906D7-6BEF-4A56-A551-03C2C150B509}.Release|x64.Build.0 = Release|x64
		{B6A906D7-6BEF-4A56-A551-03C2C150B509}.Release|x86.ActiveCfg = Release|Win32
		{B6A906D7-6BEF-4A56-A551-03C2C150B509}.Release|x86.Build.0 = Release|Win32
		{015786BC-DBA5-41D4-A492-6F94185602A5}.Debug|x64.ActiveCfg = Debug|x64
		{015786BC-DBA5-41D4-A492-6F94185602A5}.Debug|x64.Build.0 = Debug|x64
		{015786BC-DBA5-41D4-A492-6F94185602A5}.Debug|x86.ActiveCfg = Debug|Win32
		{015786BC-DBA5-41D4-A492-6F94185602A5}.Debug|x86.Build.0 = Debug|Win32
		{015786BC-DBA5-41D4-A492-6F94185602A5}.Release|x64.ActiveCfg = Release|x64
		{015786BC-DBA5-41D4-A492-6F94185602A5}.Release|x64.Build.0 = Release|x64
		{015786BC-DBA5-41D4-A492-6F94185602A5}.Release|x86.ActiveCfg = Release|Win32
		{015786BC-DBA5-41D4-A492-6F94185602A5}.Release|x86.Build.0 = Release|Win32
		{507E134D-1AB5-48A4-AD52-F3EE47EA31C5}.Debug|x64.ActiveCfg = Debug|x64
		{507E134D-1AB5-48A4-AD52-F3EE47EA31C5}.Debug|x64.Build.0 = Debug|x64
		{507E134D-1AB5-48A4-AD52-F3EE47EA31C5}.Debug|x86.ActiveCfg = Debug|Win32
		{507E134D-1AB5-48A4-AD52-F3EE47EA31C5}.Debug|x86.Build.0 = Debug|Win32
		{507E134D-1AB5-48A4-AD52-F3EE47EA31C5}.Release|x64.ActiveCfg = Release|x64
		{507E134D-1AB5-48A4-AD52-F3EE47EA31C5}.Release|x64.Build.0 = Release|x64
		{507E134D-1AB5-48A4-AD52-F3EE47EA31C5}.Release|x86.ActiveCfg = Release|Win32
		{507E134D-1AB5-48A4-AD52-F3EE47EA31C5}.Release|x86.Build.0 = Release|Win32
		{62513F27-2143-44EF-9D89-C2D9CF018BA4}.Debug|x64.ActiveCfg = Debug|x64
		{62513F27-2143-44EF-9D89-C2D9CF018BA4}.Debug|x64.Build.0 = Debug|x64
		{62513F27-2143-44EF-9D89-C2D9CF018BA4}.Debug|x86.ActiveCfg = Debug|Win32
		{62513F27-2143-44EF-9D89-C2D9CF018BA4}.Debug|x86.Build.0 = Debug|Win32
		{62513F27-2143-44EF-9D89-C2D9CF018BA4}.Release|x64.ActiveCfg = Release|x64
		{62513F27-2143-44EF-9D89-C2D9CF018BA4}.Release|x64.Build.0 = Release|x64
		{62513F27-2143-44EF-9D89-C2D9CF018BA4}.Release|x86.ActiveCfg = Release|Win32
		{62513F27-2143-44EF-9D89-C2D9CF018BA4}.Release|x86.Build.0 = Release|Win32
		{5738B88A-0863-49C3-9AEA-52226D609956}.Debug|x64.ActiveCfg = Debug|x64
		{5738B88A-0863-49C3-9AEA-52226D609956}.Debug|x64.Build.0 = Debug|x64
		{5738B88A-0863-49C3-9AEA-52226D609956}.Debug|x86.ActiveCfg = Debug|Win32
		{5738B88A-0863-49C3-9AEA-52226D609956}.Debug|x86.Build.0 = Debug|Win32
		{5738B88A-0863-49C3-9AEA-52226D609956}.Release|x64.ActiveCfg = Release|x64
		{5738B88A-0863-49C3-9AEA-52226D609956}.Release|x64.Build.0 = Release|x64
		{5738B88A-0863-49C3-9AEA-52226D609956}.Release|x86.ActiveCfg = Release|Win32
		{5738B88A-0863-49C3-9AEA-52226D609956}.Release|x86.Build.0 = Release|Win32
		{658322DC-1C91-44E0-9342-F560C1D2FE53}.Debug|x64.ActiveCfg = Debug|x64
		{658322DC-1C91-44E0-9342-F560C1D2FE53}.Debug|x64.Build.0 = Debug|x64
		{658322DC-1C91-44E0-9342-F560C1D2FE53}.Debug|x86.ActiveCfg = Debug|Win32
		{658322DC-1C91-44E0-9342-F560C1D2FE53}.Debug|x86.Build.0 = Debug|Win32
		{658322DC-1C91-44E0-9342-F560C1D2FE53}.Release|x64.ActiveCfg = Release|x64
		{658322DC-1C91-44E0-9342-F560C1D2FE53}.Release|x64.Build.0 = Release|x64
		{658322DC-1C91-44E0-9342-F560C1D2FE53}.Release|x86.ActiveCfg = Release|Win32
		{658322DC-1C91-44E0-9342-F560C1D2FE53}.Release|x86.Build.0 = Release|Win32
		{961F0B68-6F91-4612-B081-AC2F38B780BD}.Debug|x64.ActiveCfg = Debug|x64
		{961F0B68-6F91-4612-B081-AC2F38B780BD}.Debug|x64.Build.0 = Debug|x64
		{961F0B68-6F91-4612-B081-AC2F38B780BD}.Debug|x86.ActiveCfg = Debug|Win32
		{961F0B68-6F91-4612-B081-AC2F38B780BD}.Debug|x86.Build.0 = Debug|Win32
		{961F0B68-6F91-4612-B081-AC2F38B780BD}.Release|x64.ActiveCfg = Release|x64
		{961F0B68-6F91-4612-B081-AC2F38B780BD}.Release|x64.Build.0 = Release|x64
		{961F0B68-6F91-4612-B081-AC2F38B780BD}.Release|x86.ActiveCfg = Release|Win32
		{961F0B68-6F91-4612-B081-AC2F38B780BD}.Release|x86.Build.0 = Release|Win32
		{F721B1F1-F5F2-4965-93F4-7AAED518581B}.Debug|x64.ActiveCfg = Debug|x64
		{F721B1F1-F5F2-4965-93F4-7AAED518581B}.Debug|x64.Build.0 = Debug|x64
		{F721B1F1-F5F2-4965-93F4-7AAED518581B}.Debug|x86.ActiveCfg = Debug|Win32
		{F721B1F1-F5F2-4965-93F4-7AAED518581B}.Debug|x86.Build.0 = Debug|Win32
		{F721B1F1-F5F2-4965-93F4-7AAED518581B}.Release|x64.ActiveCfg = Release|x64
		{F721B1F1-F5F2-4965-93F4-7AAED518581B}.Release|x64.Build.0 = Release|x64
		{F721B1F1-F5F2-4965-93F4-7AAED518581B}.Release|x86.ActiveCfg = Release|Win32
		{F721B1F1-F5F2-4965-93F4-7AAED518581B}.Release|x86.Build.0 = Release|Win32
		{F0C30737-DD30-4381-98B1-23E8EA5500B7}.Debug|x64.ActiveCfg = Debug|x64
		{F0C30737-DD30-4381-98B1-23E8EA5500B7}.Debug|x64.Build.0 = Debug|x64
		{F0C30737-DD30-4381-98B1-23E8EA5500B7}.Debug|x86.ActiveCfg = Debug|Win32
		{F0C30737-DD30-4381-98B1-23E8EA5500B7}.Debug|x86.Build.0 = Debug|Win32
		{F0C30737-DD30-4381-98B1-23E8EA5500B7}.Release|x64.ActiveCfg = Release|x64
		{F0C30737-DD30-4381-98B1-23E8EA5500B7}.Release|x64.Build.0 = Release|x64
		{F0C30737-DD30-4381-98B1-23E8EA5500B7}.Release|x86.ActiveCfg = Release|Win32
		{F0C30737-DD30-4381-98B1-23E8EA5500B7}.Release|x86.Build.0 = Release|Win32
		{8995C2F5-8D38-4984-89CD-B60237F6001C}.Debug|x64.ActiveCfg = Debug|x64
		{8995C2F5-8D38-4984-89CD-B60237F6001C}.Debug|x64.Build.0 = Debug|x64
		{8995C2F5-8D38-4984-89CD-B60237F6001C}.Debug|x86.ActiveCfg = Debug|Win32
		{8995C2F5-8D38-4984-89CD-B60237F6001C}.Debug|x86.Build.0 = Debug|Win32
		{8995C2F5-8D38-4984-89CD-B60237F6001C}.Release|x64.ActiveCfg = Release|x64
		{8995C2F5-8D38-4984-89CD-B60237F6001C}.Release|x64.Build.0 = Release|x64
		{8995C2F5-8D38-4984-89CD-B60237F6001C}.Release|x86.ActiveCfg = Release|Win32
		{8995C2F5-8D38-4984-89CD-B60237F6001C}.Release|x86.Build.0 = Release|Win32
		{7060F186-55C4-4368-BA23-B8D822C122C5}.Debug|x64.ActiveCfg = Debug|x64
		{7060F186-55C4-4368-BA23-B8D822C122C5}.Debug|x64.Build.0 = Debug|x64
		{7060F186-55C4-4368-BA23-B8D822C122C5}.Debug|x86.ActiveCfg = Debug|Win32
		{7060F186-55C4-4368-BA23-B8D822C122C5}.Debug|x86.Build.0 = Debug|Win32
		{7060F186-55C4-4368-BA23-B8D822C122C5}.Release|x64.ActiveCfg = Release|x64
		{7060F186-55C4-4368-BA23-B8D822C122C5}.Release|x64.Build.0 = Release|x64
		{7060F186-55C4-4368-BA23-B8D822C122C5}.Release|x86.ActiveCfg = Release|Win32
		{7060F186-55C4-4368-BA23-B8D822C122C5}.Release|x86.Build.0 = Release|Win32
		{E89A5BA3-05C6-4857-A85F-CBFF5F53F855}.Debug|x64.ActiveCfg = Debug|x64
		{E89A5BA3-05C6-4857-A85F-CBFF5F53F855}.Debug|x64.Build.0 = Debug|x64
		{E89A5BA3-05C6-4857-A85F-CBFF5F53F855}.Debug|x86.ActiveCfg = Debug|Win32
		{E89A5BA3-05C6-4857-A85F-CBFF5F53F855}.Debug|x86.Build.0 = Debug|Win32
		{E89A5BA3-05C6-4857-A85F-CBFF5F53F855}.Release|x64.ActiveCfg = Release|x64
		{E89A5BA3-05C6-4857-A85F-CBFF5F53F855}.Release|x64.Build.0 = Release|x64
		{E89A5BA3-05C6-4857-A85F-CBFF5F53F855}.Release|x86.ActiveCfg = Release|Win32
		{E89A5BA3-05C6-4857-A85F-CBFF5F53F855}.Release|x86.Build.0 = Release|Win32
		{BF7418FC-9BD2-4543-BF45-BFF1D5428D41}.Debug|x64.ActiveCfg = Debug|x64
		{BF7418FC-9BD2-4543-BF45-BFF1D5428D41}.Debug|x64.Build.0 = Debug|x64
		{BF7418FC-9BD2-4543-BF45-BFF1D5428D41}.Debug|x86.ActiveCfg = Debug|Win32
		{BF7418FC-9BD2-4543-BF45-BFF1D5428D41}.Debug|x86.Build.0 = Debug|Win32
		{BF7418FC-9BD2-4543-BF45-BFF1D5428D41}.Release|x64.ActiveCfg = Release|x64
		{BF7418FC-9BD2-4543-BF45-BFF1D5428D41}.Release|x64.Build.0 = Release|x64
		{BF7418FC-9BD2-4543-BF45-BFF1D5428D41}.Release|x86.ActiveCfg = Release|Win32
		{BF7418FC-9BD2-4543-BF45-BFF1D5428D41}.Release|x86.Build.0 = Release|Win32
		{58DC7FA6-0335-45FE-AD72-2194A46CD088}.Debug|x64.ActiveCfg = Debug|x64
		{58DC7FA6-0335-45FE-AD72-2194A46CD088}.Debug|x64.Build.0 = Debug|x64
		{58DC7FA6-0335-45FE-AD72-2194A46CD088}.Debug|x86.ActiveCfg = Debug|Win32
		{58DC7FA6-0335-45FE-AD72-2194A46CD088}.Debug|x86.Build.0 = Debug|Win32
		{58DC7FA6-0335-45FE-AD72-2194A46CD088}.Release|x64.ActiveCfg = Release|x64
		{58DC7FA6-0335-45FE-AD72-2194A46CD088}.Release|x64.Build.0 = Release|x64
		{58DC7FA6-0335-45FE-AD72-2194A46CD088}.Release|x86.ActiveCfg = Release|Win32
		{58DC7FA6-0335-45FE-AD72-2194A46CD088}.Release|x86.Build.0 = Release|Win32
		{F77B59D2-8542-4CB0-9543-F85B8A0175F4}.Debug|x64.ActiveCfg = Debug|x64
		{F77B59D2-8542-4CB0-9543-F85B8A0175F4}.Debug|x64.Build.0 = Debug|x64
		{F77B59D2-8542-4CB0-9543-F85B8A0175F4}.Debug|x86.ActiveCfg = Debug|Win32
		{F77B59D2-8542-4CB0-9543-F85B8A0175F4}.Debug|x86.Build.0 = Debug|Win32
		{F77B59D2-8542-4CB0-9543-F85B8A0175F4}.Release|x64.ActiveCfg = Release|x64
		{F77B59D2-8542-4CB0-9543-F85B8A0175F4}.Release|x64.Build.0 = Release|x64
		{F77B59D2-8542-4CB0-9543-F85B8A0175F4}.Release|x86.ActiveCfg = Release|Win32
		{F77B59D2-8542-4CB0-9543-F85B8A0175F4}.Release|x86.Build.0 = Release|Win32
		{34F412E6-8080-4F81-ACCA-7732C238A0B8}.Debug|x64.ActiveCfg = Debug|x64
		{34F412E6-8080-4F81-ACCA-7732C238A0B8}.Debug|x64.Build.0 = Debug|x64
		{34F412E6-8080-4F81-ACCA-7732C238A0B8}.Debug|x86.ActiveCfg = Debug|Win32
		{34F412E6-8080-4F81-ACCA-7732C238A0B8}.Debug|x86.Build.0 = Debug|Win32
		{34F412E6-8080-4F81-ACCA-7732C238A0B8}.Release|x64.ActiveCfg = Release|x64
		{34F412E6-8080-4F81-ACCA-7732C238A0B8}.Release|x64.Build.0 = Release|x64
		{34F412E6-8080-4F81-ACCA-7732C238A0B8}.Release|x86.ActiveCfg = Release|Win32
		{34F412E6-8080-4F81-ACCA-7732C238A0B8}.Release|x86.Build.0 = Release|Win32
		{78863C4D-19DD-417D-86F5-789281D320F8}.Debug|x64.ActiveCfg = Debug|x64
		{78863C4D-19DD-417D-86F5-789281D320F8}.Debug|x64.Build.0 = Debug|x64
		{78863C4D-19DD-417D-86F5-789281D320F8}.Debug|x86.ActiveCfg = Debug|Win32
		{78863C4D-19DD-417D-86F5-789281D320F8}.Debug|x86.Build.0 = Debug|Win32
		{78863C4D-19DD-417D-86F5-789281D320F8}.Release|x64.ActiveCfg = Release|x64
		{78863C4D-19DD-417D-86F5-789281D320F8}.Release|x64.Build.0 = Release|x64
		{78863C4D-19DD-417D-86F5-789281D320F8}.Release|x86.ActiveCfg = Release|Win32
		{78863C4D-19DD-417D-86F5-789281D320F8}.Release|x86.Build.0 = Release|Win32
		{600C35A8-EE86-4380-8ED8-C981C3CF2456}.Debug|x64.ActiveCfg = Debug|x64
		{600C35A8-EE86-4380-8ED8-C981C3CF2456}.Debug|x64.Build.0 = Debug|x64
		{600C35A8-EE86-4380-8ED8-C981C3CF2456}.Debug|x86.ActiveCfg = Debug|Win32
		{600C35A8-EE86-4380-8ED8-C981C3CF2456}.Debug|x86.Build.0 = Debug|Win32
		{600C35A8-EE86-4380-8ED8-C981C3CF2456}.Release|x64.ActiveCfg = Release|x64
		{600C35A8-EE86-4380-8ED8-C981C3CF2456}.Release|x64.Build.0 = Release|x64
		{600C35A8-EE86-4380-8ED8-C981C3CF2456}.Release|x86.ActiveCfg = Release|Win32
		{600C35A8-EE86-4380-8ED8-C981C3CF2456}.Release|x86.Build.0 = Release|Win32
		{34782E8F-E816-477C-B7B1-B85D08EED00C}.Debug|x64.ActiveCfg = Debug|x64
		{34782E8F-E816-477C-B7B1-B85D08EED00C}.Debug|x64.Build.0 = Debug|x64
		{34782E8F-E816-477C-B7B1-B85D08EED00C}.Debug|x86.ActiveCfg = Debug|Win32
		{34782E8F-E816-477C-B7B1-B85D08EED00C}.Debug|x86.Build.0 = Debug|Win32
		{34782E8F-E816-477C-B7B1-B85D08EED00C}.Release|x64.ActiveCfg = Release|x64
		{34782E8F-E816-477C-B7B1-B85D08EED00C}.Release|x64.Build.0 = Release|x64
		{34782E8F-E816-477C-B7B1-B85D08EED00C}.Release|x86.ActiveCfg = Release|Win32
		{34782E8F-E816-477C-B7B1-B85D08EED00C}.Release|x86.Build.0 = Release|Win32
		{0BDC6A7C-81C8-4FE7-8533-CE0D5547ACE9}.Debug|x64.ActiveCfg = Debug|x64
		{0BDC6A7C-81C8-4FE7-8533-CE0D5547ACE9}.Debug|x64.Build.0 = Debug|x64
		{0BDC6A7C-81C8-4FE7-8533-CE0D5547ACE9}.Debug|x86.ActiveCfg = Debug|Win32
		{0BDC6A7C-81C8-4FE7-8533-CE0D5547ACE9}.Debug|x86.Build.0 = Debug|Win32
		{0BDC6A7C-81C8-4FE7-8533-CE0D5547ACE9}.Release|x64.ActiveCfg = Release|x64
		{0BDC6A7C-81C8-4FE7-8533-CE0D5547ACE9}.Release|x64.Build.0 = Release|x64
		{0BDC6A7C-81C8-4FE7-8533-CE0D5547ACE9}.Release|x86.ActiveCfg = Release|Win32
		{0BDC6A7C-81C8-4FE7-8533-CE0D5547ACE9}.Release|x86.Build.0 = Release|Win32
		{A576CF87-F264-45EA-B6D3-CC43C9E5A6A9}.Debug|x64.ActiveCfg = Debug|x64
		{A576CF87-F264-45EA-B6D3-CC43C9E5A6A9}.Debug|x64.Build.0 = Debug|x64
		{A576CF87-F264-45EA-B6D3-CC43C9E5A6A9}.Debug|x86.ActiveCfg = Debug|Win32
		{A576CF87-F264-45EA-B6D3-CC43C9E5A6A9}.Debug|x86.Build.0 = Debug|Win32
		{A576CF87-F264-45EA-B6D3-CC43C9E5A6A9}.Release|x64.ActiveCfg = Release|x64
		{A576CF87-F264-45EA-B6D3-CC43C9E5A6A9}.Release|x64.Build.0 = Release|x64
		{A576CF87-F264-45EA-B6D3-CC43C9E5A6A9}.Release|x86.ActiveCfg = Release|Win32
		{A576CF87-F264-45EA-B6D3-CC43C9E5A6A9}.Release|x86.Build.0 = Release|Win32
		{C609AEC6-415D-47EE-BE75-7FDB461D7490}.Debug|x64.ActiveCfg = Debug|x64
		{C609AEC6-415D-47EE-BE75-7FDB461D7490}.Debug|x64.Build.0 = Debug|x64
		{C609AEC6-415D-47EE-BE75-7FDB461D7490}.Debug|x86.ActiveCfg = Debug|Win32
		{C609AEC6-415D-47EE-BE75-7FDB461D7490}.Debug|x86.Build.0 = Debug|Win32
		{C609AEC6-415D-47EE-BE75-7FDB461D7490}.Release|x64.ActiveCfg = Release|x64
		{C609AEC6-415D-47EE-BE75-7FDB461D7490}.Release|x64.Build.0 = Release|x64
		{C609AEC6-415D-47EE-BE75-7FDB461D7490}.Release|x86.ActiveCfg = Release|Win32
		{C609AEC6-415D-47EE-BE75-7FDB461D7490}.Release|x86.Build.0 = Release|Win32
		{A642B449-5DF3-4F03-AB72-2ACBE44EC105}.Debug|x64.ActiveCfg = Debug|x64
		{A642B449-5DF3-4F03-AB72-2ACBE44EC105}.Debug|x64.Build.0 = Debug|x64
		{A642B449-5DF3-4F03-AB72-2ACBE44EC105}.Debug|x86.ActiveCfg = Debug|Win32
		{A642B449-5DF3-4F03-AB72-2ACBE44EC105}.Debug|x86.Build.0 = Debug|Win32
		{A642B449-5DF3-4F03-AB72-2ACBE44EC105}.Release|x64.ActiveCfg = Release|x64
		{A642B449-5DF3-4F03-AB72-2ACBE44EC105}.Release|x64.Build.0 = Release|x64
		{A642B449-5DF3-4F03-AB72-2ACBE44EC105}.Release|x86.ActiveCfg = Release|Win32
		{A642B449-5DF3-4F03-AB72-2ACBE44EC105}.Release|x86.Build.0 = Release|Win32
		{73D92919-D11B-4A5C-96E5-E5171192970E}.Debug|x64.ActiveCfg = Debug|x64
		{73D92919-D11B-4A5C-96E5-E5171192970E}.Debug|x64.Build.0 = Debug|x64
		{73D92919-D11B-4A5C-96E5-E5171192970E}.Debug|x86.ActiveCfg = Debug|Win32
		{73D92919-D11B-4A5C-96E5-E5171192970E}.Debug|x86.Build.0 = Debug|Win32
		{73D92919-D11B-4A5C-96E5-E5171192970E}.Release|x64.ActiveCfg = Release|x64
		{73D92919-D11B-4A5C-96E5-E5171192970E}.Release|x64.Build.0 = Release|x64
		{73D92919-D11B-4A5C-96E5-E5171192970E}.Release|x86.ActiveCfg = Release|Win32
		{73D92919-D11B-4A5C-96E5-E5171192970E}.Release|x86.Build.0 = Release|Win32
		{7B2BE05E-3FC4-4C4E-A01B-B57614560D09}.Debug|x64.ActiveCfg = Debug|x64
		{7B2BE05E-3FC4-4C4E-A01B-B57614560D09}.Debug|x64.Build.0 = Debug|x64
		{7B2BE05E-3FC4-4C4E-A01B-B57614560D09}.Debug|x86.ActiveCfg = Debug|Win32
		{7B2BE05E-3FC4-4C4E-A01B-B57614560D09}.Debug|x86.Build.0 = Debug|Win32
		{7B2BE05E-3FC4-4C4E-A01B-B57614560D09}.Release|x64.ActiveCfg = Release|x64
		{7B2BE05E-3FC4-4C4E-A01B-B57614560D09}.Release|x64.Build.0 = Release|x64
		{7B2BE05E-3FC4-4C4E-A01B-B57614560D09}.Release|x86.ActiveCfg = Release|Win32
		{7B2BE05E-3FC4-4C4E-A01B-B57614560D09}.Release|x86.Build.0 = Release|Win32
		{FEBFFFD0-35FE-47DD-85C2-27703F873940}.Debug|x64.ActiveCfg = Debug|x64
		{FEBFFFD0-35FE-47DD-85C2-27703F873940}.Debug|x64.Build.0 = Debug|x64
		{FEBFFFD0-35FE-47DD-85C2-27703F873940}.Debug|x86.ActiveCfg = Debug|Win32
		{FEBFFFD0-35FE-47DD-85C2-27703F873940}.Debug|x86.Build.0 = Debug|Win32
		{FEBFFFD0-35FE-47DD-85C2-27703F873940}.Release|x64.ActiveCfg = Release|x64
		{FEBFFFD0-35FE-47DD-85C2-27703F873940}.Release|x64.Build.0 = Release|x64
		{FEBFFFD0-35FE-47DD-85C2-27703F873940}.Release|x86.ActiveCfg = Release|Win32
		{FEBFFFD0-35FE-47DD-85C2-27703F873940}.Release|x86.Build.0 = Release|Win32
		{8FD001EC-471F-40C8-9DE6-7AF0C1AFA336}.Debug|x64.ActiveCfg = Debug|x64
		{8FD001EC-471F-40C8-9DE6-7AF0C1AFA336}.Debug|x64.Build.0 = Debug|x64
		{8FD001EC-471F-40C8-9DE6-7AF0C1AFA336}.Debug|x86.ActiveCfg = Debug|Win32
		{8FD001EC-471F-40C8-9DE6-7AF0C1AFA336}.Debug|x86.Build.0 = Debug|Win32
		{8FD001EC-471F-40C8-9DE6-7AF0C1AFA336}.Release|x64.ActiveCfg = Release|x64
		{8FD001EC-471F-40C8-9DE6-7AF0C1AFA336}.Release|x64.Build.0 = Release|x64
		{8FD001EC-471F-40C8-9DE6-7AF0C1AFA336}.Release|x86.ActiveCfg = Release|Win32
		{8FD001EC-471F-40C8-9DE6-7AF0C1AFA336}.Release|x86.Build.0 = Release|Win32
		{A7B14962-F5F7-4007-B5E8-398540175F00}.Debug|x64.ActiveCfg = Debug|x64
		{A7B14962-F5F7-4007-B5E8-398540175F00}.Debug|x64.Build.0 = Debug|x64
		{A7B14962-F5F7-4007-B5E8-398540175F00}.Debug|x86.ActiveCfg = Debug|Win32
		{A7B14962-F5F7-4007-B5E8-398540175F00}.Debug|x86.Build.0 = Debug|Win32
		{A7B14962-F5F7-4007-B5E8-398540175F00}.Release|x64.ActiveCfg = Release|x64
		{A7B14962-F5F7-4007-B5E8-398540175F00}.Release|x64.Build.0 = Release|x64
		{A7B14962-F5F7-4007-B5E8-398540175F00}.Release|x86.ActiveCfg = Release|Win32
		{A7B14962-F5F7-4007-B5E8-398540175F00}.Release|x86.Build.0 = Release|Win32
	EndGlobalSection
	GlobalSection(SolutionProperties) = preSolution
		HideSolutionNode = FALSE
	EndGlobalSection
	GlobalSection(ExtensibilityGlobals) = postSolution
		SolutionGuid = {E69E9800-CBEF-4A1B-BB18-DC575CD19D72}
	EndGlobalSection
EndGlobal
